
Microsoft Visual Studio Solution File, Format Version 11.00
# Visual Studio 2010
Project("{FAE04EC0-301F-11D3-BF4B-00C04F79EFBC}") = "Assembly-CSharp", "Assembly-CSharp.csproj", "{f8b2655c-f604-c5d5-a19e-54b12fb1831c}"
EndProject
Project("{FAE04EC0-301F-11D3-BF4B-00C04F79EFBC}") = "Sirenix.OdinInspector.Modules.UnityMathematics", "Sirenix.OdinInspector.Modules.UnityMathematics.csproj", "{3c9eeee5-3c87-9f4b-352c-9e2f91712651}"
EndProject
Project("{FAE04EC0-301F-11D3-BF4B-00C04F79EFBC}") = "Assembly-CSharp-firstpass", "Assembly-CSharp-firstpass.csproj", "{2e6b338a-f567-b39c-901d-13817c6b5a46}"
EndProject
Project("{FAE04EC0-301F-11D3-BF4B-00C04F79EFBC}") = "Assembly-CSharp-Editor-firstpass", "Assembly-CSharp-Editor-firstpass.csproj", "{847207a7-8ca0-48fd-2da3-dd5e2d71427d}"
EndProject
Global
	GlobalSection(SolutionConfigurationPlatforms) = preSolution
		Debug|Any CPU = Debug|Any CPU
	EndGlobalSection
	GlobalSection(ProjectConfigurationPlatforms) = postSolution
		{f8b2655c-f604-c5d5-a19e-54b12fb1831c}.Debug|Any CPU.ActiveCfg = Debug|Any CPU
		{f8b2655c-f604-c5d5-a19e-54b12fb1831c}.Debug|Any CPU.Build.0 = Debug|Any CPU
		{3c9eeee5-3c87-9f4b-352c-9e2f91712651}.Debug|Any CPU.ActiveCfg = Debug|Any CPU
		{3c9eeee5-3c87-9f4b-352c-9e2f91712651}.Debug|Any CPU.Build.0 = Debug|Any CPU
		{2e6b338a-f567-b39c-901d-13817c6b5a46}.Debug|Any CPU.ActiveCfg = Debug|Any CPU
		{2e6b338a-f567-b39c-901d-13817c6b5a46}.Debug|Any CPU.Build.0 = Debug|Any CPU
		{847207a7-8ca0-48fd-2da3-dd5e2d71427d}.Debug|Any CPU.ActiveCfg = Debug|Any CPU
		{847207a7-8ca0-48fd-2da3-dd5e2d71427d}.Debug|Any CPU.Build.0 = Debug|Any CPU
	EndGlobalSection
	GlobalSection(SolutionProperties) = preSolution
		HideSolutionNode = FALSE
	EndGlobalSection
EndGlobal
